{
  "name": "bonghoanho",
  "lockfileVersion": 3,
  "requires": true,
  "packages": {
    "": {
      "dependencies": {
        "devtools-detect": "^4.0.1"
      }
    },
    "node_modules/devtools-detect": {
      "version": "4.0.1",
      "resolved": "https://registry.npmjs.org/devtools-detect/-/devtools-detect-4.0.1.tgz",
      "integrity": "sha512-Bfd5XzZhZ/oDqrLMD4F6fAE0QFUsoBbgEEhUjY6pYJ63xmzhg5NCzhxBz8hsx7ge8Nh0bxhtdU/naYeARUZyWg==",
      "engines": {
        "node": "^12.20.0 || ^14.13.1 || >=16.0.0"
      },
      "funding": {
        "url": "https://github.com/sponsors/sindresorhus"
      }
    }
  }
}
